
Microsoft Visual Studio Solution File, Format Version 12.00
# Visual Studio Version 17
VisualStudioVersion = 17.8.34408.163
MinimumVisualStudioVersion = 10.0.40219.1
Project("{2150E333-8FDC-42A3-9474-1A3956D46DE8}") = "src", "src", "{CDF67CB5-EDE8-441C-9708-3EB1DC17F028}"
EndProject
Project("{2150E333-8FDC-42A3-9474-1A3956D46DE8}") = "tests", "tests", "{ED7179C4-1C20-48A7-AB2A-D7E08D57770A}"
EndProject
Project("{2150E333-8FDC-42A3-9474-1A3956D46DE8}") = "shared", "shared", "{6A0D2066-B840-482E-B8E8-DFDB69EA9FA3}"
EndProject
Project("{2150E333-8FDC-42A3-9474-1A3956D46DE8}") = "weather", "weather", "{45CC8D57-AD22-43E8-894D-381E748CA7B1}"
EndProject
Project("{9A19103F-16F7-4668-BE54-9A1E7A4F7556}") = "Sofomo.Shared.Abstraction", "src\shared\Sofomo.Shared.Abstraction\Sofomo.Shared.Abstraction.csproj", "{9A2F0193-1426-4A1E-BFCC-CBE906D62595}"
EndProject
Project("{9A19103F-16F7-4668-BE54-9A1E7A4F7556}") = "Sofomo.Shared.Infrastructure", "src\shared\Sofomo.Shared.Infrastructure\Sofomo.Shared.Infrastructure.csproj", "{F1486A36-64E0-43D5-9A2F-BBF3D9E0E675}"
EndProject
Project("{9A19103F-16F7-4668-BE54-9A1E7A4F7556}") = "Sofomo.Weather.API", "src\weather\Sofomo.Weather.API\Sofomo.Weather.API.csproj", "{F2EC1B12-033D-4277-A642-D64BF8255E76}"
EndProject
Project("{9A19103F-16F7-4668-BE54-9A1E7A4F7556}") = "Sofomo.Weather.Application", "src\weather\Sofomo.Weather.Application\Sofomo.Weather.Application.csproj", "{B17DB299-CD6C-4870-8220-90AE1350443C}"
EndProject
Project("{9A19103F-16F7-4668-BE54-9A1E7A4F7556}") = "Sofomo.Weather.Domain", "src\weather\Sofomo.Weather.Domain\Sofomo.Weather.Domain.csproj", "{6088D1A5-11C9-465C-ADDE-BA134E0B41A3}"
EndProject
Project("{9A19103F-16F7-4668-BE54-9A1E7A4F7556}") = "Sofomo.Weather.Infrastructure", "src\weather\Sofomo.Weather.Infrastructure\Sofomo.Weather.Infrastructure.csproj", "{3C2882D3-6E8A-4C0F-BEF6-AC431848F10D}"
EndProject
Project("{9A19103F-16F7-4668-BE54-9A1E7A4F7556}") = "Sofomo.Weather.API.Tests", "tests\Sofomo.Weather.API.Tests\Sofomo.Weather.API.Tests.csproj", "{75A1F311-7F52-47EA-ABE8-815860BD4A45}"
EndProject
Project("{9A19103F-16F7-4668-BE54-9A1E7A4F7556}") = "Sofomo.Weather.Infrastructure.Tests", "tests\Sofomo.Weather.Infrastructure.Tests\Sofomo.Weather.Infrastructure.Tests.csproj", "{7032E0A9-43DB-4D8B-8F53-AB5349B2F9D6}"
EndProject
Project("{9A19103F-16F7-4668-BE54-9A1E7A4F7556}") = "Sofomo.Weather.Application.Tests", "tests\Sofomo.Weather.Application.Tests\Sofomo.Weather.Application.Tests.csproj", "{29DC4D35-2949-4167-BF32-B0B21CB8EC5D}"
EndProject
Project("{E53339B2-1760-4266-BCC7-CA923CBCF16C}") = "docker-compose", "docker-compose.dcproj", "{7FA929D4-A45E-4C1F-8CA5-505B63269177}"
EndProject
Global
	GlobalSection(SolutionConfigurationPlatforms) = preSolution
		Debug|Any CPU = Debug|Any CPU
		Release|Any CPU = Release|Any CPU
	EndGlobalSection
	GlobalSection(ProjectConfigurationPlatforms) = postSolution
		{9A2F0193-1426-4A1E-BFCC-CBE906D62595}.Debug|Any CPU.ActiveCfg = Debug|Any CPU
		{9A2F0193-1426-4A1E-BFCC-CBE906D62595}.Debug|Any CPU.Build.0 = Debug|Any CPU
		{9A2F0193-1426-4A1E-BFCC-CBE906D62595}.Release|Any CPU.ActiveCfg = Release|Any CPU
		{9A2F0193-1426-4A1E-BFCC-CBE906D62595}.Release|Any CPU.Build.0 = Release|Any CPU
		{F1486A36-64E0-43D5-9A2F-BBF3D9E0E675}.Debug|Any CPU.ActiveCfg = Debug|Any CPU
		{F1486A36-64E0-43D5-9A2F-BBF3D9E0E675}.Debug|Any CPU.Build.0 = Debug|Any CPU
		{F1486A36-64E0-43D5-9A2F-BBF3D9E0E675}.Release|Any CPU.ActiveCfg = Release|Any CPU
		{F1486A36-64E0-43D5-9A2F-BBF3D9E0E675}.Release|Any CPU.Build.0 = Release|Any CPU
		{F2EC1B12-033D-4277-A642-D64BF8255E76}.Debug|Any CPU.ActiveCfg = Debug|Any CPU
		{F2EC1B12-033D-4277-A642-D64BF8255E76}.Debug|Any CPU.Build.0 = Debug|Any CPU
		{F2EC1B12-033D-4277-A642-D64BF8255E76}.Release|Any CPU.ActiveCfg = Release|Any CPU
		{F2EC1B12-033D-4277-A642-D64BF8255E76}.Release|Any CPU.Build.0 = Release|Any CPU
		{B17DB299-CD6C-4870-8220-90AE1350443C}.Debug|Any CPU.ActiveCfg = Debug|Any CPU
		{B17DB299-CD6C-4870-8220-90AE1350443C}.Debug|Any CPU.Build.0 = Debug|Any CPU
		{B17DB299-CD6C-4870-8220-90AE1350443C}.Release|Any CPU.ActiveCfg = Release|Any CPU
		{B17DB299-CD6C-4870-8220-90AE1350443C}.Release|Any CPU.Build.0 = Release|Any CPU
		{6088D1A5-11C9-465C-ADDE-BA134E0B41A3}.Debug|Any CPU.ActiveCfg = Debug|Any CPU
		{6088D1A5-11C9-465C-ADDE-BA134E0B41A3}.Debug|Any CPU.Build.0 = Debug|Any CPU
		{6088D1A5-11C9-465C-ADDE-BA134E0B41A3}.Release|Any CPU.ActiveCfg = Release|Any CPU
		{6088D1A5-11C9-465C-ADDE-BA134E0B41A3}.Release|Any CPU.Build.0 = Release|Any CPU
		{3C2882D3-6E8A-4C0F-BEF6-AC431848F10D}.Debug|Any CPU.ActiveCfg = Debug|Any CPU
		{3C2882D3-6E8A-4C0F-BEF6-AC431848F10D}.Debug|Any CPU.Build.0 = Debug|Any CPU
		{3C2882D3-6E8A-4C0F-BEF6-AC431848F10D}.Release|Any CPU.ActiveCfg = Release|Any CPU
		{3C2882D3-6E8A-4C0F-BEF6-AC431848F10D}.Release|Any CPU.Build.0 = Release|Any CPU
		{75A1F311-7F52-47EA-ABE8-815860BD4A45}.Debug|Any CPU.ActiveCfg = Debug|Any CPU
		{75A1F311-7F52-47EA-ABE8-815860BD4A45}.Debug|Any CPU.Build.0 = Debug|Any CPU
		{75A1F311-7F52-47EA-ABE8-815860BD4A45}.Release|Any CPU.ActiveCfg = Release|Any CPU
		{75A1F311-7F52-47EA-ABE8-815860BD4A45}.Release|Any CPU.Build.0 = Release|Any CPU
		{7032E0A9-43DB-4D8B-8F53-AB5349B2F9D6}.Debug|Any CPU.ActiveCfg = Debug|Any CPU
		{7032E0A9-43DB-4D8B-8F53-AB5349B2F9D6}.Debug|Any CPU.Build.0 = Debug|Any CPU
		{7032E0A9-43DB-4D8B-8F53-AB5349B2F9D6}.Release|Any CPU.ActiveCfg = Release|Any CPU
		{7032E0A9-43DB-4D8B-8F53-AB5349B2F9D6}.Release|Any CPU.Build.0 = Release|Any CPU
		{29DC4D35-2949-4167-BF32-B0B21CB8EC5D}.Debug|Any CPU.ActiveCfg = Debug|Any CPU
		{29DC4D35-2949-4167-BF32-B0B21CB8EC5D}.Debug|Any CPU.Build.0 = Debug|Any CPU
		{29DC4D35-2949-4167-BF32-B0B21CB8EC5D}.Release|Any CPU.ActiveCfg = Release|Any CPU
		{29DC4D35-2949-4167-BF32-B0B21CB8EC5D}.Release|Any CPU.Build.0 = Release|Any CPU
		{7FA929D4-A45E-4C1F-8CA5-505B63269177}.Debug|Any CPU.ActiveCfg = Debug|Any CPU
		{7FA929D4-A45E-4C1F-8CA5-505B63269177}.Debug|Any CPU.Build.0 = Debug|Any CPU
		{7FA929D4-A45E-4C1F-8CA5-505B63269177}.Release|Any CPU.ActiveCfg = Release|Any CPU
		{7FA929D4-A45E-4C1F-8CA5-505B63269177}.Release|Any CPU.Build.0 = Release|Any CPU
	EndGlobalSection
	GlobalSection(SolutionProperties) = preSolution
		HideSolutionNode = FALSE
	EndGlobalSection
	GlobalSection(NestedProjects) = preSolution
		{6A0D2066-B840-482E-B8E8-DFDB69EA9FA3} = {CDF67CB5-EDE8-441C-9708-3EB1DC17F028}
		{45CC8D57-AD22-43E8-894D-381E748CA7B1} = {CDF67CB5-EDE8-441C-9708-3EB1DC17F028}
		{9A2F0193-1426-4A1E-BFCC-CBE906D62595} = {6A0D2066-B840-482E-B8E8-DFDB69EA9FA3}
		{F1486A36-64E0-43D5-9A2F-BBF3D9E0E675} = {6A0D2066-B840-482E-B8E8-DFDB69EA9FA3}
		{F2EC1B12-033D-4277-A642-D64BF8255E76} = {45CC8D57-AD22-43E8-894D-381E748CA7B1}
		{B17DB299-CD6C-4870-8220-90AE1350443C} = {45CC8D57-AD22-43E8-894D-381E748CA7B1}
		{6088D1A5-11C9-465C-ADDE-BA134E0B41A3} = {45CC8D57-AD22-43E8-894D-381E748CA7B1}
		{3C2882D3-6E8A-4C0F-BEF6-AC431848F10D} = {45CC8D57-AD22-43E8-894D-381E748CA7B1}
		{75A1F311-7F52-47EA-ABE8-815860BD4A45} = {ED7179C4-1C20-48A7-AB2A-D7E08D57770A}
		{7032E0A9-43DB-4D8B-8F53-AB5349B2F9D6} = {ED7179C4-1C20-48A7-AB2A-D7E08D57770A}
		{29DC4D35-2949-4167-BF32-B0B21CB8EC5D} = {ED7179C4-1C20-48A7-AB2A-D7E08D57770A}
	EndGlobalSection
	GlobalSection(ExtensibilityGlobals) = postSolution
		SolutionGuid = {1E9D7B4D-9C48-40DF-A89F-54C7A1D748D8}
	EndGlobalSection
EndGlobal
